// !$*UTF8*$!
{
	archiveVersion = 1;
	classes = {
	};
	objectVersion = 51;
	objects = {

/* Begin PBXBuildFile section */
		5821EA9A23E4809F00554E1D /* AppDelegate.swift in Sources */ = {isa = PBXBuildFile; fileRef = 5821EA9923E4809F00554E1D /* AppDelegate.swift */; };
		5821EA9C23E4809F00554E1D /* SceneDelegate.swift in Sources */ = {isa = PBXBuildFile; fileRef = 5821EA9B23E4809F00554E1D /* SceneDelegate.swift */; };
		5821EA9E23E4809F00554E1D /* ContentView.swift in Sources */ = {isa = PBXBuildFile; fileRef = 5821EA9D23E4809F00554E1D /* ContentView.swift */; };
		5821EAA023E480A700554E1D /* Assets.xcassets in Resources */ = {isa = PBXBuildFile; fileRef = 5821EA9F23E480A700554E1D /* Assets.xcassets */; };
		5821EAA323E480A700554E1D /* Preview Assets.xcassets in Resources */ = {isa = PBXBuildFile; fileRef = 5821EAA223E480A700554E1D /* Preview Assets.xcassets */; };
		5821EAA623E480A700554E1D /* LaunchScreen.storyboard in Resources */ = {isa = PBXBuildFile; fileRef = 5821EAA423E480A700554E1D /* LaunchScreen.storyboard */; };
		5821EAB123E480A700554E1D /* TraavelAppDemoTests.swift in Sources */ = {isa = PBXBuildFile; fileRef = 5821EAB023E480A700554E1D /* TraavelAppDemoTests.swift */; };
		5821EABC23E480A800554E1D /* TraavelAppDemoUITests.swift in Sources */ = {isa = PBXBuildFile; fileRef = 5821EABB23E480A800554E1D /* TraavelAppDemoUITests.swift */; };
		5821EACB23E4810C00554E1D /* AppDatabase.swift in Sources */ = {isa = PBXBuildFile; fileRef = 5821EACA23E4810C00554E1D /* AppDatabase.swift */; };
		5821EACD23E487CD00554E1D /* InjectorUtils.swift in Sources */ = {isa = PBXBuildFile; fileRef = 5821EACC23E487CD00554E1D /* InjectorUtils.swift */; };
		5821EAD023E4884C00554E1D /* VenueDetailsDao.swift in Sources */ = {isa = PBXBuildFile; fileRef = 5821EACF23E4884C00554E1D /* VenueDetailsDao.swift */; };
		5821EAD223E488FC00554E1D /* VenueDetails.swift in Sources */ = {isa = PBXBuildFile; fileRef = 5821EAD123E488FC00554E1D /* VenueDetails.swift */; };
		583E7CBE240FB38800F54F3E /* CoreLocation.framework in Frameworks */ = {isa = PBXBuildFile; fileRef = 583E7CBD240FB38800F54F3E /* CoreLocation.framework */; };
		583E7CC0240FBF9F00F54F3E /* FakeVenueDetailsRepository.swift in Sources */ = {isa = PBXBuildFile; fileRef = 583E7CBF240FBF9F00F54F3E /* FakeVenueDetailsRepository.swift */; };
		583E7CC2240FD00100F54F3E /* LocationManager.swift in Sources */ = {isa = PBXBuildFile; fileRef = 583E7CC1240FD00100F54F3E /* LocationManager.swift */; };
		583E7CC4240FF4A100F54F3E /* VenueMapView.swift in Sources */ = {isa = PBXBuildFile; fileRef = 583E7CC3240FF4A100F54F3E /* VenueMapView.swift */; };
		583E7CC6240FF51000F54F3E /* CustomMapView.swift in Sources */ = {isa = PBXBuildFile; fileRef = 583E7CC5240FF51000F54F3E /* CustomMapView.swift */; };
		583E7CC8240FF8A300F54F3E /* GoogleMapsAPI.swift in Sources */ = {isa = PBXBuildFile; fileRef = 583E7CC7240FF8A300F54F3E /* GoogleMapsAPI.swift */; };
		583E7CCA240FFBEC00F54F3E /* GoogleDirectionsData.swift in Sources */ = {isa = PBXBuildFile; fileRef = 583E7CC9240FFBEC00F54F3E /* GoogleDirectionsData.swift */; };
		5849BA6823E82F6C005D10AB /* VenueFavorites.swift in Sources */ = {isa = PBXBuildFile; fileRef = 5849BA6723E82F6C005D10AB /* VenueFavorites.swift */; };
		5849BA6A23E83052005D10AB /* VenueItem.swift in Sources */ = {isa = PBXBuildFile; fileRef = 5849BA6923E83052005D10AB /* VenueItem.swift */; };
		5849BA6C23E83321005D10AB /* VenueResponse.swift in Sources */ = {isa = PBXBuildFile; fileRef = 5849BA6B23E83321005D10AB /* VenueResponse.swift */; };
		5849BA6F23E83BCD005D10AB /* FoursquareAPI.swift in Sources */ = {isa = PBXBuildFile; fileRef = 5849BA6E23E83BCD005D10AB /* FoursquareAPI.swift */; };
		5849BA7123E83D7F005D10AB /* Constants.swift in Sources */ = {isa = PBXBuildFile; fileRef = 5849BA7023E83D7F005D10AB /* Constants.swift */; };
		5849BA7323E8402E005D10AB /* LocationUtils.swift in Sources */ = {isa = PBXBuildFile; fileRef = 5849BA7223E8402E005D10AB /* LocationUtils.swift */; };
		5849BA7923E84AD9005D10AB /* LoadingView.swift in Sources */ = {isa = PBXBuildFile; fileRef = 5849BA7823E84AD9005D10AB /* LoadingView.swift */; };
		5849BA7B23E84B3D005D10AB /* VenueDetailView.swift in Sources */ = {isa = PBXBuildFile; fileRef = 5849BA7A23E84B3D005D10AB /* VenueDetailView.swift */; };
		5849BA7D23E84C71005D10AB /* VenueItemRowView.swift in Sources */ = {isa = PBXBuildFile; fileRef = 5849BA7C23E84C71005D10AB /* VenueItemRowView.swift */; };
		58880C5923E98E06001A40F9 /* VenueDetailsViewModel.swift in Sources */ = {isa = PBXBuildFile; fileRef = 58880C5823E98E06001A40F9 /* VenueDetailsViewModel.swift */; };
		58880C5B23E98E31001A40F9 /* VenueItemsViewModel.swift in Sources */ = {isa = PBXBuildFile; fileRef = 58880C5A23E98E31001A40F9 /* VenueItemsViewModel.swift */; };
		58880C5D23E98E5E001A40F9 /* VenueDetailsRepository.swift in Sources */ = {isa = PBXBuildFile; fileRef = 58880C5C23E98E5E001A40F9 /* VenueDetailsRepository.swift */; };
		58880C5F23E98E76001A40F9 /* VenueItemDao.swift in Sources */ = {isa = PBXBuildFile; fileRef = 58880C5E23E98E76001A40F9 /* VenueItemDao.swift */; };
		58880C6123E98E85001A40F9 /* VenueItemRepository.swift in Sources */ = {isa = PBXBuildFile; fileRef = 58880C6023E98E85001A40F9 /* VenueItemRepository.swift */; };
		58880C6323E9A090001A40F9 /* Extensions.swift in Sources */ = {isa = PBXBuildFile; fileRef = 58880C6223E9A090001A40F9 /* Extensions.swift */; };
		58BB953B23F43B1900F35649 /* Repository.swift in Sources */ = {isa = PBXBuildFile; fileRef = 58BB953A23F43B1900F35649 /* Repository.swift */; };
		58BB953D23F4406400F35649 /* VenueAndFavorites.swift in Sources */ = {isa = PBXBuildFile; fileRef = 58BB953C23F4406400F35649 /* VenueAndFavorites.swift */; };
		58BB954023F448B400F35649 /* VenueFavoritesDao.swift in Sources */ = {isa = PBXBuildFile; fileRef = 58BB953F23F448B400F35649 /* VenueFavoritesDao.swift */; };
		58BB954223F45B9200F35649 /* VenueAndFavoritesRepository.swift in Sources */ = {isa = PBXBuildFile; fileRef = 58BB954123F45B9200F35649 /* VenueAndFavoritesRepository.swift */; };
		58BB954423F45F4D00F35649 /* VenueAndFavoritesViewModel.swift in Sources */ = {isa = PBXBuildFile; fileRef = 58BB954323F45F4D00F35649 /* VenueAndFavoritesViewModel.swift */; };
		58BB954623F4609E00F35649 /* VenueFavoritesViewModel.swift in Sources */ = {isa = PBXBuildFile; fileRef = 58BB954523F4609E00F35649 /* VenueFavoritesViewModel.swift */; };
		58BCC2AE23F69CE60048E55E /* VenueFaveRowView.swift in Sources */ = {isa = PBXBuildFile; fileRef = 58BCC2AD23F69CE60048E55E /* VenueFaveRowView.swift */; };
		58D6966C23FAB2EA00395088 /* BindingAdapters.swift in Sources */ = {isa = PBXBuildFile; fileRef = 58D6966B23FAB2EA00395088 /* BindingAdapters.swift */; };
		58D6966E23FAB98400395088 /* FormViewController.swift in Sources */ = {isa = PBXBuildFile; fileRef = 58D6966D23FAB98400395088 /* FormViewController.swift */; };
		CE7A90B0B744D531EC2E5AC6 /* Pods_TraavelAppDemoTests.framework in Frameworks */ = {isa = PBXBuildFile; fileRef = 5CEB98D3B7EE8605539AA333 /* Pods_TraavelAppDemoTests.framework */; };
		F64D91881846CC681C31C940 /* Pods_TraavelAppDemo_TraavelAppDemoUITests.framework in Frameworks */ = {isa = PBXBuildFile; fileRef = E08D1537B2712D20D1F1CB53 /* Pods_TraavelAppDemo_TraavelAppDemoUITests.framework */; };
		F88A3B370987B4AAACE83C08 /* Pods_TraavelAppDemo.framework in Frameworks */ = {isa = PBXBuildFile; fileRef = 6DC00F60D4DAF8858E213844 /* Pods_TraavelAppDemo.framework */; };
/* End PBXBuildFile section */

/* Begin PBXContainerItemProxy section */
		5821EAAD23E480A700554E1D /* PBXContainerItemProxy */ = {
			isa = PBXContainerItemProxy;
			containerPortal = 5821EA8E23E4809F00554E1D /* Project object */;
			proxyType = 1;
			remoteGlobalIDString = 5821EA9523E4809F00554E1D;
			remoteInfo = TraavelAppDemo;
		};
		5821EAB823E480A800554E1D /* PBXContainerItemProxy */ = {
			isa = PBXContainerItemProxy;
			containerPortal = 5821EA8E23E4809F00554E1D /* Project object */;
			proxyType = 1;
			remoteGlobalIDString = 5821EA9523E4809F00554E1D;
			remoteInfo = TraavelAppDemo;
		};
/* End PBXContainerItemProxy section */

/* Begin PBXFileReference section */
		06BC3332DE56CD2A56A192A4 /* Pods-TraavelAppDemo.release.xcconfig */ = {isa = PBXFileReference; includeInIndex = 1; lastKnownFileType = text.xcconfig; name = "Pods-TraavelAppDemo.release.xcconfig"; path = "Target Support Files/Pods-TraavelAppDemo/Pods-TraavelAppDemo.release.xcconfig"; sourceTree = "<group>"; };
		181C3339BDE62B290E7DC5B1 /* Pods-TraavelAppDemoTests.release.xcconfig */ = {isa = PBXFileReference; includeInIndex = 1; lastKnownFileType = text.xcconfig; name = "Pods-TraavelAppDemoTests.release.xcconfig"; path = "Target Support Files/Pods-TraavelAppDemoTests/Pods-TraavelAppDemoTests.release.xcconfig"; sourceTree = "<group>"; };
		38EDA4D6A1C18229EB977460 /* Pods-TraavelAppDemoTests.debug.xcconfig */ = {isa = PBXFileReference; includeInIndex = 1; lastKnownFileType = text.xcconfig; name = "Pods-TraavelAppDemoTests.debug.xcconfig"; path = "Target Support Files/Pods-TraavelAppDemoTests/Pods-TraavelAppDemoTests.debug.xcconfig"; sourceTree = "<group>"; };
		5821EA9623E4809F00554E1D /* TraavelAppDemo.app */ = {isa = PBXFileReference; explicitFileType = wrapper.application; includeInIndex = 0; path = TraavelAppDemo.app; sourceTree = BUILT_PRODUCTS_DIR; };
		5821EA9923E4809F00554E1D /* AppDelegate.swift */ = {isa = PBXFileReference; lastKnownFileType = sourcecode.swift; path = AppDelegate.swift; sourceTree = "<group>"; };
		5821EA9B23E4809F00554E1D /* SceneDelegate.swift */ = {isa = PBXFileReference; lastKnownFileType = sourcecode.swift; path = SceneDelegate.swift; sourceTree = "<group>"; };
		5821EA9D23E4809F00554E1D /* ContentView.swift */ = {isa = PBXFileReference; lastKnownFileType = sourcecode.swift; path = ContentView.swift; sourceTree = "<group>"; };
		5821EA9F23E480A700554E1D /* Assets.xcassets */ = {isa = PBXFileReference; lastKnownFileType = folder.assetcatalog; path = Assets.xcassets; sourceTree = "<group>"; };
		5821EAA223E480A700554E1D /* Preview Assets.xcassets */ = {isa = PBXFileReference; lastKnownFileType = folder.assetcatalog; path = "Preview Assets.xcassets"; sourceTree = "<group>"; };
		5821EAA523E480A700554E1D /* Base */ = {isa = PBXFileReference; lastKnownFileType = file.storyboard; name = Base; path = Base.lproj/LaunchScreen.storyboard; sourceTree = "<group>"; };
		5821EAA723E480A700554E1D /* Info.plist */ = {isa = PBXFileReference; lastKnownFileType = text.plist.xml; path = Info.plist; sourceTree = "<group>"; };
		5821EAAC23E480A700554E1D /* TraavelAppDemoTests.xctest */ = {isa = PBXFileReference; explicitFileType = wrapper.cfbundle; includeInIndex = 0; path = TraavelAppDemoTests.xctest; sourceTree = BUILT_PRODUCTS_DIR; };
		5821EAB023E480A700554E1D /* TraavelAppDemoTests.swift */ = {isa = PBXFileReference; lastKnownFileType = sourcecode.swift; path = TraavelAppDemoTests.swift; sourceTree = "<group>"; };
		5821EAB223E480A700554E1D /* Info.plist */ = {isa = PBXFileReference; lastKnownFileType = text.plist.xml; path = Info.plist; sourceTree = "<group>"; };
		5821EAB723E480A800554E1D /* TraavelAppDemoUITests.xctest */ = {isa = PBXFileReference; explicitFileType = wrapper.cfbundle; includeInIndex = 0; path = TraavelAppDemoUITests.xctest; sourceTree = BUILT_PRODUCTS_DIR; };
		5821EABB23E480A800554E1D /* TraavelAppDemoUITests.swift */ = {isa = PBXFileReference; lastKnownFileType = sourcecode.swift; path = TraavelAppDemoUITests.swift; sourceTree = "<group>"; };
		5821EABD23E480A800554E1D /* Info.plist */ = {isa = PBXFileReference; lastKnownFileType = text.plist.xml; path = Info.plist; sourceTree = "<group>"; };
		5821EACA23E4810C00554E1D /* AppDatabase.swift */ = {isa = PBXFileReference; lastKnownFileType = sourcecode.swift; path = AppDatabase.swift; sourceTree = "<group>"; };
		5821EACC23E487CD00554E1D /* InjectorUtils.swift */ = {isa = PBXFileReference; lastKnownFileType = sourcecode.swift; path = InjectorUtils.swift; sourceTree = "<group>"; };
		5821EACF23E4884C00554E1D /* VenueDetailsDao.swift */ = {isa = PBXFileReference; lastKnownFileType = sourcecode.swift; path = VenueDetailsDao.swift; sourceTree = "<group>"; };
		5821EAD123E488FC00554E1D /* VenueDetails.swift */ = {isa = PBXFileReference; lastKnownFileType = sourcecode.swift; path = VenueDetails.swift; sourceTree = "<group>"; };
		583E7CBD240FB38800F54F3E /* CoreLocation.framework */ = {isa = PBXFileReference; lastKnownFileType = wrapper.framework; name = CoreLocation.framework; path = System/Library/Frameworks/CoreLocation.framework; sourceTree = SDKROOT; };
		583E7CBF240FBF9F00F54F3E /* FakeVenueDetailsRepository.swift */ = {isa = PBXFileReference; lastKnownFileType = sourcecode.swift; path = FakeVenueDetailsRepository.swift; sourceTree = "<group>"; };
		583E7CC1240FD00100F54F3E /* LocationManager.swift */ = {isa = PBXFileReference; lastKnownFileType = sourcecode.swift; path = LocationManager.swift; sourceTree = "<group>"; };
		583E7CC3240FF4A100F54F3E /* VenueMapView.swift */ = {isa = PBXFileReference; lastKnownFileType = sourcecode.swift; path = VenueMapView.swift; sourceTree = "<group>"; };
		583E7CC5240FF51000F54F3E /* CustomMapView.swift */ = {isa = PBXFileReference; lastKnownFileType = sourcecode.swift; path = CustomMapView.swift; sourceTree = "<group>"; };
		583E7CC7240FF8A300F54F3E /* GoogleMapsAPI.swift */ = {isa = PBXFileReference; lastKnownFileType = sourcecode.swift; path = GoogleMapsAPI.swift; sourceTree = "<group>"; };
		583E7CC9240FFBEC00F54F3E /* GoogleDirectionsData.swift */ = {isa = PBXFileReference; lastKnownFileType = sourcecode.swift; path = GoogleDirectionsData.swift; sourceTree = "<group>"; };
		5849BA6723E82F6C005D10AB /* VenueFavorites.swift */ = {isa = PBXFileReference; lastKnownFileType = sourcecode.swift; path = VenueFavorites.swift; sourceTree = "<group>"; };
		5849BA6923E83052005D10AB /* VenueItem.swift */ = {isa = PBXFileReference; lastKnownFileType = sourcecode.swift; path = VenueItem.swift; sourceTree = "<group>"; };
		5849BA6B23E83321005D10AB /* VenueResponse.swift */ = {isa = PBXFileReference; lastKnownFileType = sourcecode.swift; path = VenueResponse.swift; sourceTree = "<group>"; };
		5849BA6E23E83BCD005D10AB /* FoursquareAPI.swift */ = {isa = PBXFileReference; lastKnownFileType = sourcecode.swift; path = FoursquareAPI.swift; sourceTree = "<group>"; };
		5849BA7023E83D7F005D10AB /* Constants.swift */ = {isa = PBXFileReference; lastKnownFileType = sourcecode.swift; path = Constants.swift; sourceTree = "<group>"; };
		5849BA7223E8402E005D10AB /* LocationUtils.swift */ = {isa = PBXFileReference; lastKnownFileType = sourcecode.swift; path = LocationUtils.swift; sourceTree = "<group>"; };
		5849BA7823E84AD9005D10AB /* LoadingView.swift */ = {isa = PBXFileReference; lastKnownFileType = sourcecode.swift; path = LoadingView.swift; sourceTree = "<group>"; };
		5849BA7A23E84B3D005D10AB /* VenueDetailView.swift */ = {isa = PBXFileReference; lastKnownFileType = sourcecode.swift; path = VenueDetailView.swift; sourceTree = "<group>"; };
		5849BA7C23E84C71005D10AB /* VenueItemRowView.swift */ = {isa = PBXFileReference; lastKnownFileType = sourcecode.swift; path = VenueItemRowView.swift; sourceTree = "<group>"; };
		58880C5823E98E06001A40F9 /* VenueDetailsViewModel.swift */ = {isa = PBXFileReference; lastKnownFileType = sourcecode.swift; path = VenueDetailsViewModel.swift; sourceTree = "<group>"; };
		58880C5A23E98E31001A40F9 /* VenueItemsViewModel.swift */ = {isa = PBXFileReference; lastKnownFileType = sourcecode.swift; path = VenueItemsViewModel.swift; sourceTree = "<group>"; };
		58880C5C23E98E5E001A40F9 /* VenueDetailsRepository.swift */ = {isa = PBXFileReference; lastKnownFileType = sourcecode.swift; path = VenueDetailsRepository.swift; sourceTree = "<group>"; };
		58880C5E23E98E76001A40F9 /* VenueItemDao.swift */ = {isa = PBXFileReference; lastKnownFileType = sourcecode.swift; path = VenueItemDao.swift; sourceTree = "<group>"; };
		58880C6023E98E85001A40F9 /* VenueItemRepository.swift */ = {isa = PBXFileReference; lastKnownFileType = sourcecode.swift; path = VenueItemRepository.swift; sourceTree = "<group>"; };
		58880C6223E9A090001A40F9 /* Extensions.swift */ = {isa = PBXFileReference; lastKnownFileType = sourcecode.swift; path = Extensions.swift; sourceTree = "<group>"; };
		58BB953A23F43B1900F35649 /* Repository.swift */ = {isa = PBXFileReference; lastKnownFileType = sourcecode.swift; name = Repository.swift; path = TraavelAppDemo/Interfaces/Repository.swift; sourceTree = SOURCE_ROOT; };
		58BB953C23F4406400F35649 /* VenueAndFavorites.swift */ = {isa = PBXFileReference; lastKnownFileType = sourcecode.swift; path = VenueAndFavorites.swift; sourceTree = "<group>"; };
		58BB953F23F448B400F35649 /* VenueFavoritesDao.swift */ = {isa = PBXFileReference; lastKnownFileType = sourcecode.swift; path = VenueFavoritesDao.swift; sourceTree = "<group>"; };
		58BB954123F45B9200F35649 /* VenueAndFavoritesRepository.swift */ = {isa = PBXFileReference; lastKnownFileType = sourcecode.swift; path = VenueAndFavoritesRepository.swift; sourceTree = "<group>"; };
		58BB954323F45F4D00F35649 /* VenueAndFavoritesViewModel.swift */ = {isa = PBXFileReference; lastKnownFileType = sourcecode.swift; path = VenueAndFavoritesViewModel.swift; sourceTree = "<group>"; };
		58BB954523F4609E00F35649 /* VenueFavoritesViewModel.swift */ = {isa = PBXFileReference; lastKnownFileType = sourcecode.swift; path = VenueFavoritesViewModel.swift; sourceTree = "<group>"; };
		58BCC2AD23F69CE60048E55E /* VenueFaveRowView.swift */ = {isa = PBXFileReference; lastKnownFileType = sourcecode.swift; path = VenueFaveRowView.swift; sourceTree = "<group>"; };
		58D6966B23FAB2EA00395088 /* BindingAdapters.swift */ = {isa = PBXFileReference; lastKnownFileType = sourcecode.swift; path = BindingAdapters.swift; sourceTree = "<group>"; };
		58D6966D23FAB98400395088 /* FormViewController.swift */ = {isa = PBXFileReference; lastKnownFileType = sourcecode.swift; path = FormViewController.swift; sourceTree = "<group>"; };
		5CEB98D3B7EE8605539AA333 /* Pods_TraavelAppDemoTests.framework */ = {isa = PBXFileReference; explicitFileType = wrapper.framework; includeInIndex = 0; path = Pods_TraavelAppDemoTests.framework; sourceTree = BUILT_PRODUCTS_DIR; };
		6DC00F60D4DAF8858E213844 /* Pods_TraavelAppDemo.framework */ = {isa = PBXFileReference; explicitFileType = wrapper.framework; includeInIndex = 0; path = Pods_TraavelAppDemo.framework; sourceTree = BUILT_PRODUCTS_DIR; };
		94A82761D25840AF03D25D0C /* Pods-TraavelAppDemo-TraavelAppDemoUITests.release.xcconfig */ = {isa = PBXFileReference; includeInIndex = 1; lastKnownFileType = text.xcconfig; name = "Pods-TraavelAppDemo-TraavelAppDemoUITests.release.xcconfig"; path = "Target Support Files/Pods-TraavelAppDemo-TraavelAppDemoUITests/Pods-TraavelAppDemo-TraavelAppDemoUITests.release.xcconfig"; sourceTree = "<group>"; };
		B3ECA8AB14F22EDC115E4B7E /* Pods-TraavelAppDemo.debug.xcconfig */ = {isa = PBXFileReference; includeInIndex = 1; lastKnownFileType = text.xcconfig; name = "Pods-TraavelAppDemo.debug.xcconfig"; path = "Target Support Files/Pods-TraavelAppDemo/Pods-TraavelAppDemo.debug.xcconfig"; sourceTree = "<group>"; };
		E08D1537B2712D20D1F1CB53 /* Pods_TraavelAppDemo_TraavelAppDemoUITests.framework */ = {isa = PBXFileReference; explicitFileType = wrapper.framework; includeInIndex = 0; path = Pods_TraavelAppDemo_TraavelAppDemoUITests.framework; sourceTree = BUILT_PRODUCTS_DIR; };
		EE74AD7C77F35F56E28953D4 /* Pods-TraavelAppDemo-TraavelAppDemoUITests.debug.xcconfig */ = {isa = PBXFileReference; includeInIndex = 1; lastKnownFileType = text.xcconfig; name = "Pods-TraavelAppDemo-TraavelAppDemoUITests.debug.xcconfig"; path = "Target Support Files/Pods-TraavelAppDemo-TraavelAppDemoUITests/Pods-TraavelAppDemo-TraavelAppDemoUITests.debug.xcconfig"; sourceTree = "<group>"; };
/* End PBXFileReference section */

/* Begin PBXFrameworksBuildPhase section */
		5821EA9323E4809F00554E1D /* Frameworks */ = {
			isa = PBXFrameworksBuildPhase;
			buildActionMask = 2147483647;
			files = (
				583E7CBE240FB38800F54F3E /* CoreLocation.framework in Frameworks */,
				F88A3B370987B4AAACE83C08 /* Pods_TraavelAppDemo.framework in Frameworks */,
			);
			runOnlyForDeploymentPostprocessing = 0;
		};
		5821EAA923E480A700554E1D /* Frameworks */ = {
			isa = PBXFrameworksBuildPhase;
			buildActionMask = 2147483647;
			files = (
				CE7A90B0B744D531EC2E5AC6 /* Pods_TraavelAppDemoTests.framework in Frameworks */,
			);
			runOnlyForDeploymentPostprocessing = 0;
		};
		5821EAB423E480A800554E1D /* Frameworks */ = {
			isa = PBXFrameworksBuildPhase;
			buildActionMask = 2147483647;
			files = (
				F64D91881846CC681C31C940 /* Pods_TraavelAppDemo_TraavelAppDemoUITests.framework in Frameworks */,
			);
			runOnlyForDeploymentPostprocessing = 0;
		};
/* End PBXFrameworksBuildPhase section */

/* Begin PBXGroup section */
		370C3290F755C84065CCC002 /* Pods */ = {
			isa = PBXGroup;
			children = (
				B3ECA8AB14F22EDC115E4B7E /* Pods-TraavelAppDemo.debug.xcconfig */,
				06BC3332DE56CD2A56A192A4 /* Pods-TraavelAppDemo.release.xcconfig */,
				EE74AD7C77F35F56E28953D4 /* Pods-TraavelAppDemo-TraavelAppDemoUITests.debug.xcconfig */,
				94A82761D25840AF03D25D0C /* Pods-TraavelAppDemo-TraavelAppDemoUITests.release.xcconfig */,
				38EDA4D6A1C18229EB977460 /* Pods-TraavelAppDemoTests.debug.xcconfig */,
				181C3339BDE62B290E7DC5B1 /* Pods-TraavelAppDemoTests.release.xcconfig */,
			);
			path = Pods;
			sourceTree = "<group>";
		};
		5821EA8D23E4809F00554E1D = {
			isa = PBXGroup;
			children = (
				5821EA9823E4809F00554E1D /* TraavelAppDemo */,
				5821EAAF23E480A700554E1D /* TraavelAppDemoTests */,
				5821EABA23E480A800554E1D /* TraavelAppDemoUITests */,
				5821EA9723E4809F00554E1D /* Products */,
				370C3290F755C84065CCC002 /* Pods */,
				AEFEAF267AD20118499DB6D3 /* Frameworks */,
			);
			sourceTree = "<group>";
		};
		5821EA9723E4809F00554E1D /* Products */ = {
			isa = PBXGroup;
			children = (
				5821EA9623E4809F00554E1D /* TraavelAppDemo.app */,
				5821EAAC23E480A700554E1D /* TraavelAppDemoTests.xctest */,
				5821EAB723E480A800554E1D /* TraavelAppDemoUITests.xctest */,
			);
			name = Products;
			sourceTree = "<group>";
		};
		5821EA9823E4809F00554E1D /* TraavelAppDemo */ = {
			isa = PBXGroup;
			children = (
				58D6966A23FAB17000395088 /* Adapters */,
				58BB953E23F448A100F35649 /* Fake */,
				58BB953923F43AF100F35649 /* Interfaces */,
				58880C5723E98DF3001A40F9 /* Viewmodels */,
				5849BA7423E845B7005D10AB /* UI */,
				5849BA6D23E83BBD005D10AB /* Api */,
				5821EACE23E4882F00554E1D /* Utils */,
				5821EAC923E480EA00554E1D /* Data */,
				5821EA9923E4809F00554E1D /* AppDelegate.swift */,
				5821EA9B23E4809F00554E1D /* SceneDelegate.swift */,
				5821EA9D23E4809F00554E1D /* ContentView.swift */,
				5821EA9F23E480A700554E1D /* Assets.xcassets */,
				5821EAA423E480A700554E1D /* LaunchScreen.storyboard */,
				5821EAA723E480A700554E1D /* Info.plist */,
				5821EAA123E480A700554E1D /* Preview Content */,
				58880C6223E9A090001A40F9 /* Extensions.swift */,
			);
			path = TraavelAppDemo;
			sourceTree = "<group>";
		};
		5821EAA123E480A700554E1D /* Preview Content */ = {
			isa = PBXGroup;
			children = (
				5821EAA223E480A700554E1D /* Preview Assets.xcassets */,
			);
			path = "Preview Content";
			sourceTree = "<group>";
		};
		5821EAAF23E480A700554E1D /* TraavelAppDemoTests */ = {
			isa = PBXGroup;
			children = (
				5821EAB023E480A700554E1D /* TraavelAppDemoTests.swift */,
				5821EAB223E480A700554E1D /* Info.plist */,
			);
			path = TraavelAppDemoTests;
			sourceTree = "<group>";
		};
		5821EABA23E480A800554E1D /* TraavelAppDemoUITests */ = {
			isa = PBXGroup;
			children = (
				5821EABB23E480A800554E1D /* TraavelAppDemoUITests.swift */,
				5821EABD23E480A800554E1D /* Info.plist */,
			);
			path = TraavelAppDemoUITests;
			sourceTree = "<group>";
		};
		5821EAC923E480EA00554E1D /* Data */ = {
			isa = PBXGroup;
			children = (
				5821EACA23E4810C00554E1D /* AppDatabase.swift */,
				5821EACF23E4884C00554E1D /* VenueDetailsDao.swift */,
				58880C5E23E98E76001A40F9 /* VenueItemDao.swift */,
				5821EAD123E488FC00554E1D /* VenueDetails.swift */,
				5849BA6723E82F6C005D10AB /* VenueFavorites.swift */,
				5849BA6923E83052005D10AB /* VenueItem.swift */,
				5849BA6B23E83321005D10AB /* VenueResponse.swift */,
				58880C5C23E98E5E001A40F9 /* VenueDetailsRepository.swift */,
				58880C6023E98E85001A40F9 /* VenueItemRepository.swift */,
				58BB953C23F4406400F35649 /* VenueAndFavorites.swift */,
				58BB953F23F448B400F35649 /* VenueFavoritesDao.swift */,
				58BB954123F45B9200F35649 /* VenueAndFavoritesRepository.swift */,
				583E7CC9240FFBEC00F54F3E /* GoogleDirectionsData.swift */,
			);
			path = Data;
			sourceTree = "<group>";
		};
		5821EACE23E4882F00554E1D /* Utils */ = {
			isa = PBXGroup;
			children = (
				5821EACC23E487CD00554E1D /* InjectorUtils.swift */,
				5849BA7023E83D7F005D10AB /* Constants.swift */,
				5849BA7223E8402E005D10AB /* LocationUtils.swift */,
				583E7CC5240FF51000F54F3E /* CustomMapView.swift */,
			);
			path = Utils;
			sourceTree = "<group>";
		};
		5849BA6D23E83BBD005D10AB /* Api */ = {
			isa = PBXGroup;
			children = (
				5849BA6E23E83BCD005D10AB /* FoursquareAPI.swift */,
				583E7CC1240FD00100F54F3E /* LocationManager.swift */,
				583E7CC7240FF8A300F54F3E /* GoogleMapsAPI.swift */,
			);
			path = Api;
			sourceTree = "<group>";
		};
		5849BA7423E845B7005D10AB /* UI */ = {
			isa = PBXGroup;
			children = (
				5849BA7523E845C1005D10AB /* Views */,
				5849BA7A23E84B3D005D10AB /* VenueDetailView.swift */,
				5849BA7C23E84C71005D10AB /* VenueItemRowView.swift */,
				58BCC2AD23F69CE60048E55E /* VenueFaveRowView.swift */,
				583E7CC3240FF4A100F54F3E /* VenueMapView.swift */,
			);
			path = UI;
			sourceTree = "<group>";
		};
		5849BA7523E845C1005D10AB /* Views */ = {
			isa = PBXGroup;
			children = (
				5849BA7823E84AD9005D10AB /* LoadingView.swift */,
			);
			path = Views;
			sourceTree = "<group>";
		};
		58880C5723E98DF3001A40F9 /* Viewmodels */ = {
			isa = PBXGroup;
			children = (
				58880C5823E98E06001A40F9 /* VenueDetailsViewModel.swift */,
				58880C5A23E98E31001A40F9 /* VenueItemsViewModel.swift */,
				58BB954323F45F4D00F35649 /* VenueAndFavoritesViewModel.swift */,
				58BB954523F4609E00F35649 /* VenueFavoritesViewModel.swift */,
			);
			path = Viewmodels;
			sourceTree = "<group>";
		};
		58BB953923F43AF100F35649 /* Interfaces */ = {
			isa = PBXGroup;
			children = (
				58BB953A23F43B1900F35649 /* Repository.swift */,
			);
			path = Interfaces;
			sourceTree = "<group>";
		};
		58BB953E23F448A100F35649 /* Fake */ = {
			isa = PBXGroup;
			children = (
				583E7CBF240FBF9F00F54F3E /* FakeVenueDetailsRepository.swift */,
			);
			path = Fake;
			sourceTree = "<group>";
		};
		58D6966A23FAB17000395088 /* Adapters */ = {
			isa = PBXGroup;
			children = (
				58D6966B23FAB2EA00395088 /* BindingAdapters.swift */,
				58D6966D23FAB98400395088 /* FormViewController.swift */,
			);
			path = Adapters;
			sourceTree = "<group>";
		};
		AEFEAF267AD20118499DB6D3 /* Frameworks */ = {
			isa = PBXGroup;
			children = (
				583E7CBD240FB38800F54F3E /* CoreLocation.framework */,
				6DC00F60D4DAF8858E213844 /* Pods_TraavelAppDemo.framework */,
				E08D1537B2712D20D1F1CB53 /* Pods_TraavelAppDemo_TraavelAppDemoUITests.framework */,
				5CEB98D3B7EE8605539AA333 /* Pods_TraavelAppDemoTests.framework */,
			);
			name = Frameworks;
			sourceTree = "<group>";
		};
/* End PBXGroup section */

/* Begin PBXNativeTarget section */
		5821EA9523E4809F00554E1D /* TraavelAppDemo */ = {
			isa = PBXNativeTarget;
			buildConfigurationList = 5821EAC023E480A800554E1D /* Build configuration list for PBXNativeTarget "TraavelAppDemo" */;
			buildPhases = (
				CDDE2077006240D3BB055BD4 /* [CP] Check Pods Manifest.lock */,
				5821EA9223E4809F00554E1D /* Sources */,
				5821EA9323E4809F00554E1D /* Frameworks */,
				5821EA9423E4809F00554E1D /* Resources */,
				87A675B094493F131A1708BC /* [CP] Embed Pods Frameworks */,
			);
			buildRules = (
			);
			dependencies = (
			);
			name = TraavelAppDemo;
			productName = TraavelAppDemo;
			productReference = 5821EA9623E4809F00554E1D /* TraavelAppDemo.app */;
			productType = "com.apple.product-type.application";
		};
		5821EAAB23E480A700554E1D /* TraavelAppDemoTests */ = {
			isa = PBXNativeTarget;
			buildConfigurationList = 5821EAC323E480A800554E1D /* Build configuration list for PBXNativeTarget "TraavelAppDemoTests" */;
			buildPhases = (
				07F07A5041E062C97BBE55A1 /* [CP] Check Pods Manifest.lock */,
				5821EAA823E480A700554E1D /* Sources */,
				5821EAA923E480A700554E1D /* Frameworks */,
				5821EAAA23E480A700554E1D /* Resources */,
			);
			buildRules = (
			);
			dependencies = (
				5821EAAE23E480A700554E1D /* PBXTargetDependency */,
			);
			name = TraavelAppDemoTests;
			productName = TraavelAppDemoTests;
			productReference = 5821EAAC23E480A700554E1D /* TraavelAppDemoTests.xctest */;
			productType = "com.apple.product-type.bundle.unit-test";
		};
		5821EAB623E480A800554E1D /* TraavelAppDemoUITests */ = {
			isa = PBXNativeTarget;
			buildConfigurationList = 5821EAC623E480A800554E1D /* Build configuration list for PBXNativeTarget "TraavelAppDemoUITests" */;
			buildPhases = (
				78E79756017A0CC5B78721B4 /* [CP] Check Pods Manifest.lock */,
				5821EAB323E480A800554E1D /* Sources */,
				5821EAB423E480A800554E1D /* Frameworks */,
				5821EAB523E480A800554E1D /* Resources */,
				7BFC7210212C6DFF05116828 /* [CP] Embed Pods Frameworks */,
			);
			buildRules = (
			);
			dependencies = (
				5821EAB923E480A800554E1D /* PBXTargetDependency */,
			);
			name = TraavelAppDemoUITests;
			productName = TraavelAppDemoUITests;
			productReference = 5821EAB723E480A800554E1D /* TraavelAppDemoUITests.xctest */;
			productType = "com.apple.product-type.bundle.ui-testing";
		};
/* End PBXNativeTarget section */

/* Begin PBXProject section */
		5821EA8E23E4809F00554E1D /* Project object */ = {
			isa = PBXProject;
			attributes = {
				LastSwiftUpdateCheck = 1130;
				LastUpgradeCheck = 1130;
				ORGANIZATIONNAME = "Andre Insigne";
				TargetAttributes = {
					5821EA9523E4809F00554E1D = {
						CreatedOnToolsVersion = 11.3;
					};
					5821EAAB23E480A700554E1D = {
						CreatedOnToolsVersion = 11.3;
						TestTargetID = 5821EA9523E4809F00554E1D;
					};
					5821EAB623E480A800554E1D = {
						CreatedOnToolsVersion = 11.3;
						TestTargetID = 5821EA9523E4809F00554E1D;
					};
				};
			};
			buildConfigurationList = 5821EA9123E4809F00554E1D /* Build configuration list for PBXProject "TraavelAppDemo" */;
			compatibilityVersion = "Xcode 9.3";
			developmentRegion = en;
			hasScannedForEncodings = 0;
			knownRegions = (
				en,
				Base,
			);
			mainGroup = 5821EA8D23E4809F00554E1D;
			productRefGroup = 5821EA9723E4809F00554E1D /* Products */;
			projectDirPath = "";
			projectRoot = "";
			targets = (
				5821EA9523E4809F00554E1D /* TraavelAppDemo */,
				5821EAAB23E480A700554E1D /* TraavelAppDemoTests */,
				5821EAB623E480A800554E1D /* TraavelAppDemoUITests */,
			);
		};
/* End PBXProject section */

/* Begin PBXResourcesBuildPhase section */
		5821EA9423E4809F00554E1D /* Resources */ = {
			isa = PBXResourcesBuildPhase;
			buildActionMask = 2147483647;
			files = (
				5821EAA623E480A700554E1D /* LaunchScreen.storyboard in Resources */,
				5821EAA323E480A700554E1D /* Preview Assets.xcassets in Resources */,
				5821EAA023E480A700554E1D /* Assets.xcassets in Resources */,
			);
			runOnlyForDeploymentPostprocessing = 0;
		};
		5821EAAA23E480A700554E1D /* Resources */ = {
			isa = PBXResourcesBuildPhase;
			buildActionMask = 2147483647;
			files = (
			);
			runOnlyForDeploymentPostprocessing = 0;
		};
		5821EAB523E480A800554E1D /* Resources */ = {
			isa = PBXResourcesBuildPhase;
			buildActionMask = 2147483647;
			files = (
			);
			runOnlyForDeploymentPostprocessing = 0;
		};
/* End PBXResourcesBuildPhase section */

/* Begin PBXShellScriptBuildPhase section */
		07F07A5041E062C97BBE55A1 /* [CP] Check Pods Manifest.lock */ = {
			isa = PBXShellScriptBuildPhase;
			buildActionMask = 2147483647;
			files = (
			);
			inputFileListPaths = (
			);
			inputPaths = (
				"${PODS_PODFILE_DIR_PATH}/Podfile.lock",
				"${PODS_ROOT}/Manifest.lock",
			);
			name = "[CP] Check Pods Manifest.lock";
			outputFileListPaths = (
			);
			outputPaths = (
				"$(DERIVED_FILE_DIR)/Pods-TraavelAppDemoTests-checkManifestLockResult.txt",
			);
			runOnlyForDeploymentPostprocessing = 0;
			shellPath = /bin/sh;
			shellScript = "diff \"${PODS_PODFILE_DIR_PATH}/Podfile.lock\" \"${PODS_ROOT}/Manifest.lock\" > /dev/null\nif [ $? != 0 ] ; then\n    # print error to STDERR\n    echo \"error: The sandbox is not in sync with the Podfile.lock. Run 'pod install' or update your CocoaPods installation.\" >&2\n    exit 1\nfi\n# This output is used by Xcode 'outputs' to avoid re-running this script phase.\necho \"SUCCESS\" > \"${SCRIPT_OUTPUT_FILE_0}\"\n";
			showEnvVarsInLog = 0;
		};
		78E79756017A0CC5B78721B4 /* [CP] Check Pods Manifest.lock */ = {
			isa = PBXShellScriptBuildPhase;
			buildActionMask = 2147483647;
			files = (
			);
			inputFileListPaths = (
			);
			inputPaths = (
				"${PODS_PODFILE_DIR_PATH}/Podfile.lock",
				"${PODS_ROOT}/Manifest.lock",
			);
			name = "[CP] Check Pods Manifest.lock";
			outputFileListPaths = (
			);
			outputPaths = (
				"$(DERIVED_FILE_DIR)/Pods-TraavelAppDemo-TraavelAppDemoUITests-checkManifestLockResult.txt",
			);
			runOnlyForDeploymentPostprocessing = 0;
			shellPath = /bin/sh;
			shellScript = "diff \"${PODS_PODFILE_DIR_PATH}/Podfile.lock\" \"${PODS_ROOT}/Manifest.lock\" > /dev/null\nif [ $? != 0 ] ; then\n    # print error to STDERR\n    echo \"error: The sandbox is not in sync with the Podfile.lock. Run 'pod install' or update your CocoaPods installation.\" >&2\n    exit 1\nfi\n# This output is used by Xcode 'outputs' to avoid re-running this script phase.\necho \"SUCCESS\" > \"${SCRIPT_OUTPUT_FILE_0}\"\n";
			showEnvVarsInLog = 0;
		};
		7BFC7210212C6DFF05116828 /* [CP] Embed Pods Frameworks */ = {
			isa = PBXShellScriptBuildPhase;
			buildActionMask = 2147483647;
			files = (
			);
			inputFileListPaths = (
				"${PODS_ROOT}/Target Support Files/Pods-TraavelAppDemo-TraavelAppDemoUITests/Pods-TraavelAppDemo-TraavelAppDemoUITests-frameworks-${CONFIGURATION}-input-files.xcfilelist",
			);
			name = "[CP] Embed Pods Frameworks";
			outputFileListPaths = (
				"${PODS_ROOT}/Target Support Files/Pods-TraavelAppDemo-TraavelAppDemoUITests/Pods-TraavelAppDemo-TraavelAppDemoUITests-frameworks-${CONFIGURATION}-output-files.xcfilelist",
			);
			runOnlyForDeploymentPostprocessing = 0;
			shellPath = /bin/sh;
			shellScript = "\"${PODS_ROOT}/Target Support Files/Pods-TraavelAppDemo-TraavelAppDemoUITests/Pods-TraavelAppDemo-TraavelAppDemoUITests-frameworks.sh\"\n";
			showEnvVarsInLog = 0;
		};
		87A675B094493F131A1708BC /* [CP] Embed Pods Frameworks */ = {
			isa = PBXShellScriptBuildPhase;
			buildActionMask = 2147483647;
			files = (
			);
			inputFileListPaths = (
				"${PODS_ROOT}/Target Support Files/Pods-TraavelAppDemo/Pods-TraavelAppDemo-frameworks-${CONFIGURATION}-input-files.xcfilelist",
			);
			name = "[CP] Embed Pods Frameworks";
			outputFileListPaths = (
				"${PODS_ROOT}/Target Support Files/Pods-TraavelAppDemo/Pods-TraavelAppDemo-frameworks-${CONFIGURATION}-output-files.xcfilelist",
			);
			runOnlyForDeploymentPostprocessing = 0;
			shellPath = /bin/sh;
			shellScript = "\"${PODS_ROOT}/Target Support Files/Pods-TraavelAppDemo/Pods-TraavelAppDemo-frameworks.sh\"\n";
			showEnvVarsInLog = 0;
		};
		CDDE2077006240D3BB055BD4 /* [CP] Check Pods Manifest.lock */ = {
			isa = PBXShellScriptBuildPhase;
			buildActionMask = 2147483647;
			files = (
			);
			inputFileListPaths = (
			);
			inputPaths = (
				"${PODS_PODFILE_DIR_PATH}/Podfile.lock",
				"${PODS_ROOT}/Manifest.lock",
			);
			name = "[CP] Check Pods Manifest.lock";
			outputFileListPaths = (
			);
			outputPaths = (
				"$(DERIVED_FILE_DIR)/Pods-TraavelAppDemo-checkManifestLockResult.txt",
			);
			runOnlyForDeploymentPostprocessing = 0;
			shellPath = /bin/sh;
			shellScript = "diff \"${PODS_PODFILE_DIR_PATH}/Podfile.lock\" \"${PODS_ROOT}/Manifest.lock\" > /dev/null\nif [ $? != 0 ] ; then\n    # print error to STDERR\n    echo \"error: The sandbox is not in sync with the Podfile.lock. Run 'pod install' or update your CocoaPods installation.\" >&2\n    exit 1\nfi\n# This output is used by Xcode 'outputs' to avoid re-running this script phase.\necho \"SUCCESS\" > \"${SCRIPT_OUTPUT_FILE_0}\"\n";
			showEnvVarsInLog = 0;
		};
/* End PBXShellScriptBuildPhase section */

/* Begin PBXSourcesBuildPhase section */
		5821EA9223E4809F00554E1D /* Sources */ = {
			isa = PBXSourcesBuildPhase;
			buildActionMask = 2147483647;
			files = (
				5821EA9A23E4809F00554E1D /* AppDelegate.swift in Sources */,
				5849BA7B23E84B3D005D10AB /* VenueDetailView.swift in Sources */,
				58880C5D23E98E5E001A40F9 /* VenueDetailsRepository.swift in Sources */,
				58BB953D23F4406400F35649 /* VenueAndFavorites.swift in Sources */,
				583E7CC6240FF51000F54F3E /* CustomMapView.swift in Sources */,
				5849BA6A23E83052005D10AB /* VenueItem.swift in Sources */,
				5821EA9C23E4809F00554E1D /* SceneDelegate.swift in Sources */,
				5821EACB23E4810C00554E1D /* AppDatabase.swift in Sources */,
				5849BA7323E8402E005D10AB /* LocationUtils.swift in Sources */,
				5849BA7D23E84C71005D10AB /* VenueItemRowView.swift in Sources */,
				5821EAD023E4884C00554E1D /* VenueDetailsDao.swift in Sources */,
				58BB954623F4609E00F35649 /* VenueFavoritesViewModel.swift in Sources */,
				58BB953B23F43B1900F35649 /* Repository.swift in Sources */,
				58880C6323E9A090001A40F9 /* Extensions.swift in Sources */,
				583E7CC8240FF8A300F54F3E /* GoogleMapsAPI.swift in Sources */,
				58BB954423F45F4D00F35649 /* VenueAndFavoritesViewModel.swift in Sources */,
				583E7CC2240FD00100F54F3E /* LocationManager.swift in Sources */,
				58D6966E23FAB98400395088 /* FormViewController.swift in Sources */,
				5849BA6C23E83321005D10AB /* VenueResponse.swift in Sources */,
				5821EA9E23E4809F00554E1D /* ContentView.swift in Sources */,
				5849BA7923E84AD9005D10AB /* LoadingView.swift in Sources */,
				58880C5B23E98E31001A40F9 /* VenueItemsViewModel.swift in Sources */,
				58880C6123E98E85001A40F9 /* VenueItemRepository.swift in Sources */,
				58D6966C23FAB2EA00395088 /* BindingAdapters.swift in Sources */,
				5849BA6823E82F6C005D10AB /* VenueFavorites.swift in Sources */,
				583E7CC0240FBF9F00F54F3E /* FakeVenueDetailsRepository.swift in Sources */,
				5849BA6F23E83BCD005D10AB /* FoursquareAPI.swift in Sources */,
				5821EACD23E487CD00554E1D /* InjectorUtils.swift in Sources */,
				58880C5923E98E06001A40F9 /* VenueDetailsViewModel.swift in Sources */,
				5821EAD223E488FC00554E1D /* VenueDetails.swift in Sources */,
				583E7CCA240FFBEC00F54F3E /* GoogleDirectionsData.swift in Sources */,
				58BB954023F448B400F35649 /* VenueFavoritesDao.swift in Sources */,
				58BCC2AE23F69CE60048E55E /* VenueFaveRowView.swift in Sources */,
				58BB954223F45B9200F35649 /* VenueAndFavoritesRepository.swift in Sources */,
				583E7CC4240FF4A100F54F3E /* VenueMapView.swift in Sources */,
				5849BA7123E83D7F005D10AB /* Constants.swift in Sources */,
				58880C5F23E98E76001A40F9 /* VenueItemDao.swift in Sources */,
			);
			runOnlyForDeploymentPostprocessing = 0;
		};
		5821EAA823E480A700554E1D /* Sources */ = {
			isa = PBXSourcesBuildPhase;
			buildActionMask = 2147483647;
			files = (
				5821EAB123E480A700554E1D /* TraavelAppDemoTests.swift in Sources */,
			);
			runOnlyForDeploymentPostprocessing = 0;
		};
		5821EAB323E480A800554E1D /* Sources */ = {
			isa = PBXSourcesBuildPhase;
			buildActionMask = 2147483647;
			files = (
				5821EABC23E480A800554E1D /* TraavelAppDemoUITests.swift in Sources */,
			);
			runOnlyForDeploymentPostprocessing = 0;
		};
/* End PBXSourcesBuildPhase section */

/* Begin PBXTargetDependency section */
		5821EAAE23E480A700554E1D /* PBXTargetDependency */ = {
			isa = PBXTargetDependency;
			target = 5821EA9523E4809F00554E1D /* TraavelAppDemo */;
			targetProxy = 5821EAAD23E480A700554E1D /* PBXContainerItemProxy */;
		};
		5821EAB923E480A800554E1D /* PBXTargetDependency */ = {
			isa = PBXTargetDependency;
			target = 5821EA9523E4809F00554E1D /* TraavelAppDemo */;
			targetProxy = 5821EAB823E480A800554E1D /* PBXContainerItemProxy */;
		};
/* End PBXTargetDependency section */

/* Begin PBXVariantGroup section */
		5821EAA423E480A700554E1D /* LaunchScreen.storyboard */ = {
			isa = PBXVariantGroup;
			children = (
				5821EAA523E480A700554E1D /* Base */,
			);
			name = LaunchScreen.storyboard;
			sourceTree = "<group>";
		};
/* End PBXVariantGroup section */

/* Begin XCBuildConfiguration section */
		5821EABE23E480A800554E1D /* Debug */ = {
			isa = XCBuildConfiguration;
			buildSettings = {
				ALWAYS_SEARCH_USER_PATHS = NO;
				CLANG_ANALYZER_NONNULL = YES;
				CLANG_ANALYZER_NUMBER_OBJECT_CONVERSION = YES_AGGRESSIVE;
				CLANG_CXX_LANGUAGE_STANDARD = "gnu++14";
				CLANG_CXX_LIBRARY = "libc++";
				CLANG_ENABLE_MODULES = YES;
				CLANG_ENABLE_OBJC_ARC = YES;
				CLANG_ENABLE_OBJC_WEAK = YES;
				CLANG_WARN_BLOCK_CAPTURE_AUTORELEASING = YES;
				CLANG_WARN_BOOL_CONVERSION = YES;
				CLANG_WARN_COMMA = YES;
				CLANG_WARN_CONSTANT_CONVERSION = YES;
				CLANG_WARN_DEPRECATED_OBJC_IMPLEMENTATIONS = YES;
				CLANG_WARN_DIRECT_OBJC_ISA_USAGE = YES_ERROR;
				CLANG_WARN_DOCUMENTATION_COMMENTS = YES;
				CLANG_WARN_EMPTY_BODY = YES;
				CLANG_WARN_ENUM_CONVERSION = YES;
				CLANG_WARN_INFINITE_RECURSION = YES;
				CLANG_WARN_INT_CONVERSION = YES;
				CLANG_WARN_NON_LITERAL_NULL_CONVERSION = YES;
				CLANG_WARN_OBJC_IMPLICIT_RETAIN_SELF = YES;
				CLANG_WARN_OBJC_LITERAL_CONVERSION = YES;
				CLANG_WARN_OBJC_ROOT_CLASS = YES_ERROR;
				CLANG_WARN_RANGE_LOOP_ANALYSIS = YES;
				CLANG_WARN_STRICT_PROTOTYPES = YES;
				CLANG_WARN_SUSPICIOUS_MOVE = YES;
				CLANG_WARN_UNGUARDED_AVAILABILITY = YES_AGGRESSIVE;
				CLANG_WARN_UNREACHABLE_CODE = YES;
				CLANG_WARN__DUPLICATE_METHOD_MATCH = YES;
				COPY_PHASE_STRIP = NO;
				DEBUG_INFORMATION_FORMAT = dwarf;
				ENABLE_STRICT_OBJC_MSGSEND = YES;
				ENABLE_TESTABILITY = YES;
				GCC_C_LANGUAGE_STANDARD = gnu11;
				GCC_DYNAMIC_NO_PIC = NO;
				GCC_NO_COMMON_BLOCKS = YES;
				GCC_OPTIMIZATION_LEVEL = 0;
				GCC_PREPROCESSOR_DEFINITIONS = (
					"DEBUG=1",
					"$(inherited)",
				);
				GCC_WARN_64_TO_32_BIT_CONVERSION = YES;
				GCC_WARN_ABOUT_RETURN_TYPE = YES_ERROR;
				GCC_WARN_UNDECLARED_SELECTOR = YES;
				GCC_WARN_UNINITIALIZED_AUTOS = YES_AGGRESSIVE;
				GCC_WARN_UNUSED_FUNCTION = YES;
				GCC_WARN_UNUSED_VARIABLE = YES;
				IPHONEOS_DEPLOYMENT_TARGET = 13.2;
				MTL_ENABLE_DEBUG_INFO = INCLUDE_SOURCE;
				MTL_FAST_MATH = YES;
				ONLY_ACTIVE_ARCH = YES;
				SDKROOT = iphoneos;
				SWIFT_ACTIVE_COMPILATION_CONDITIONS = DEBUG;
				SWIFT_OPTIMIZATION_LEVEL = "-Onone";
			};
			name = Debug;
		};
		5821EABF23E480A800554E1D /* Release */ = {
			isa = XCBuildConfiguration;
			buildSettings = {
				ALWAYS_SEARCH_USER_PATHS = NO;
				CLANG_ANALYZER_NONNULL = YES;
				CLANG_ANALYZER_NUMBER_OBJECT_CONVERSION = YES_AGGRESSIVE;
				CLANG_CXX_LANGUAGE_STANDARD = "gnu++14";
				CLANG_CXX_LIBRARY = "libc++";
				CLANG_ENABLE_MODULES = YES;
				CLANG_ENABLE_OBJC_ARC = YES;
				CLANG_ENABLE_OBJC_WEAK = YES;
				CLANG_WARN_BLOCK_CAPTURE_AUTORELEASING = YES;
				CLANG_WARN_BOOL_CONVERSION = YES;
				CLANG_WARN_COMMA = YES;
				CLANG_WARN_CONSTANT_CONVERSION = YES;
				CLANG_WARN_DEPRECATED_OBJC_IMPLEMENTATIONS = YES;
				CLANG_WARN_DIRECT_OBJC_ISA_USAGE = YES_ERROR;
				CLANG_WARN_DOCUMENTATION_COMMENTS = YES;
				CLANG_WARN_EMPTY_BODY = YES;
				CLANG_WARN_ENUM_CONVERSION = YES;
				CLANG_WARN_INFINITE_RECURSION = YES;
				CLANG_WARN_INT_CONVERSION = YES;
				CLANG_WARN_NON_LITERAL_NULL_CONVERSION = YES;
				CLANG_WARN_OBJC_IMPLICIT_RETAIN_SELF = YES;
				CLANG_WARN_OBJC_LITERAL_CONVERSION = YES;
				CLANG_WARN_OBJC_ROOT_CLASS = YES_ERROR;
				CLANG_WARN_RANGE_LOOP_ANALYSIS = YES;
				CLANG_WARN_STRICT_PROTOTYPES = YES;
				CLANG_WARN_SUSPICIOUS_MOVE = YES;
				CLANG_WARN_UNGUARDED_AVAILABILITY = YES_AGGRESSIVE;
				CLANG_WARN_UNREACHABLE_CODE = YES;
				CLANG_WARN__DUPLICATE_METHOD_MATCH = YES;
				COPY_PHASE_STRIP = NO;
				DEBUG_INFORMATION_FORMAT = "dwarf-with-dsym";
				ENABLE_NS_ASSERTIONS = NO;
				ENABLE_STRICT_OBJC_MSGSEND = YES;
				GCC_C_LANGUAGE_STANDARD = gnu11;
				GCC_NO_COMMON_BLOCKS = YES;
				GCC_WARN_64_TO_32_BIT_CONVERSION = YES;
				GCC_WARN_ABOUT_RETURN_TYPE = YES_ERROR;
				GCC_WARN_UNDECLARED_SELECTOR = YES;
				GCC_WARN_UNINITIALIZED_AUTOS = YES_AGGRESSIVE;
				GCC_WARN_UNUSED_FUNCTION = YES;
				GCC_WARN_UNUSED_VARIABLE = YES;
				IPHONEOS_DEPLOYMENT_TARGET = 13.2;
				MTL_ENABLE_DEBUG_INFO = NO;
				MTL_FAST_MATH = YES;
				SDKROOT = iphoneos;
				SWIFT_COMPILATION_MODE = wholemodule;
				SWIFT_OPTIMIZATION_LEVEL = "-O";
				VALIDATE_PRODUCT = YES;
			};
			name = Release;
		};
		5821EAC123E480A800554E1D /* Debug */ = {
			isa = XCBuildConfiguration;
			baseConfigurationReference = B3ECA8AB14F22EDC115E4B7E /* Pods-TraavelAppDemo.debug.xcconfig */;
			buildSettings = {
				ASSETCATALOG_COMPILER_APPICON_NAME = AppIcon;
				CODE_SIGN_STYLE = Automatic;
				DEVELOPMENT_ASSET_PATHS = "\"TraavelAppDemo/Preview Content\"";
				DEVELOPMENT_TEAM = XA24T5L447;
				ENABLE_PREVIEWS = YES;
				INFOPLIST_FILE = TraavelAppDemo/Info.plist;
				LD_RUNPATH_SEARCH_PATHS = (
					"$(inherited)",
					"@executable_path/Frameworks",
				);
				PRODUCT_BUNDLE_IDENTIFIER = com.ainsigne.TraavelAppDemo;
				PRODUCT_NAME = "$(TARGET_NAME)";
				SWIFT_VERSION = 5.0;
				TARGETED_DEVICE_FAMILY = "1,2";
			};
			name = Debug;
		};
		5821EAC223E480A800554E1D /* Release */ = {
			isa = XCBuildConfiguration;
			baseConfigurationReference = 06BC3332DE56CD2A56A192A4 /* Pods-TraavelAppDemo.release.xcconfig */;
			buildSettings = {
				ASSETCATALOG_COMPILER_APPICON_NAME = AppIcon;
				CODE_SIGN_STYLE = Automatic;
				DEVELOPMENT_ASSET_PATHS = "\"TraavelAppDemo/Preview Content\"";
				DEVELOPMENT_TEAM = XA24T5L447;
				ENABLE_PREVIEWS = YES;
				INFOPLIST_FILE = TraavelAppDemo/Info.plist;
				LD_RUNPATH_SEARCH_PATHS = (
					"$(inherited)",
					"@executable_path/Frameworks",
				);
				PRODUCT_BUNDLE_IDENTIFIER = com.ainsigne.TraavelAppDemo;
				PRODUCT_NAME = "$(TARGET_NAME)";
				SWIFT_VERSION = 5.0;
				TARGETED_DEVICE_FAMILY = "1,2";
			};
			name = Release;
		};
		5821EAC423E480A800554E1D /* Debug */ = {
			isa = XCBuildConfiguration;
			baseConfigurationReference = 38EDA4D6A1C18229EB977460 /* Pods-TraavelAppDemoTests.debug.xcconfig */;
			buildSettings = {
				ALWAYS_EMBED_SWIFT_STANDARD_LIBRARIES = YES;
				BUNDLE_LOADER = "$(TEST_HOST)";
				CODE_SIGN_STYLE = Automatic;
				DEVELOPMENT_TEAM = XA24T5L447;
				INFOPLIST_FILE = TraavelAppDemoTests/Info.plist;
				IPHONEOS_DEPLOYMENT_TARGET = 13.2;
				LD_RUNPATH_SEARCH_PATHS = (
					"$(inherited)",
					"@executable_path/Frameworks",
					"@loader_path/Frameworks",
				);
				PRODUCT_BUNDLE_IDENTIFIER = com.ainsigne.TraavelAppDemoTests;
				PRODUCT_NAME = "$(TARGET_NAME)";
				SWIFT_VERSION = 5.0;
				TARGETED_DEVICE_FAMILY = "1,2";
				TEST_HOST = "$(BUILT_PRODUCTS_DIR)/TraavelAppDemo.app/TraavelAppDemo";
			};
			name = Debug;
		};
		5821EAC523E480A800554E1D /* Release */ = {
			isa = XCBuildConfiguration;
			baseConfigurationReference = 181C3339BDE62B290E7DC5B1 /* Pods-TraavelAppDemoTests.release.xcconfig */;
			buildSettings = {
				ALWAYS_EMBED_SWIFT_STANDARD_LIBRARIES = YES;
				BUNDLE_LOADER = "$(TEST_HOST)";
				CODE_SIGN_STYLE = Automatic;
				DEVELOPMENT_TEAM = XA24T5L447;
				INFOPLIST_FILE = TraavelAppDemoTests/Info.plist;
				IPHONEOS_DEPLOYMENT_TARGET = 13.2;
				LD_RUNPATH_SEARCH_PATHS = (
					"$(inherited)",
					"@executable_path/Frameworks",
					"@loader_path/Frameworks",
				);
				PRODUCT_BUNDLE_IDENTIFIER = com.ainsigne.TraavelAppDemoTests;
				PRODUCT_NAME = "$(TARGET_NAME)";
				SWIFT_VERSION = 5.0;
				TARGETED_DEVICE_FAMILY = "1,2";
				TEST_HOST = "$(BUILT_PRODUCTS_DIR)/TraavelAppDemo.app/TraavelAppDemo";
			};
			name = Release;
		};
		5821EAC723E480A800554E1D /* Debug */ = {
			isa = XCBuildConfiguration;
			baseConfigurationReference = EE74AD7C77F35F56E28953D4 /* Pods-TraavelAppDemo-TraavelAppDemoUITests.debug.xcconfig */;
			buildSettings = {
				ALWAYS_EMBED_SWIFT_STANDARD_LIBRARIES = YES;
				CODE_SIGN_STYLE = Automatic;
				DEVELOPMENT_TEAM = XA24T5L447;
				INFOPLIST_FILE = TraavelAppDemoUITests/Info.plist;
				LD_RUNPATH_SEARCH_PATHS = (
					"$(inherited)",
					"@executable_path/Frameworks",
					"@loader_path/Frameworks",
				);
				PRODUCT_BUNDLE_IDENTIFIER = com.ainsigne.TraavelAppDemoUITests;
				PRODUCT_NAME = "$(TARGET_NAME)";
				SWIFT_VERSION = 5.0;
				TARGETED_DEVICE_FAMILY = "1,2";
				TEST_TARGET_NAME = TraavelAppDemo;
			};
			name = Debug;
		};
		5821EAC823E480A800554E1D /* Release */ = {
			isa = XCBuildConfiguration;
			baseConfigurationReference = 94A82761D25840AF03D25D0C /* Pods-TraavelAppDemo-TraavelAppDemoUITests.release.xcconfig */;
			buildSettings = {
				ALWAYS_EMBED_SWIFT_STANDARD_LIBRARIES = YES;
				CODE_SIGN_STYLE = Automatic;
				DEVELOPMENT_TEAM = XA24T5L447;
				INFOPLIST_FILE = TraavelAppDemoUITests/Info.plist;
				LD_RUNPATH_SEARCH_PATHS = (
					"$(inherited)",
					"@executable_path/Frameworks",
					"@loader_path/Frameworks",
				);
				PRODUCT_BUNDLE_IDENTIFIER = com.ainsigne.TraavelAppDemoUITests;
				PRODUCT_NAME = "$(TARGET_NAME)";
				SWIFT_VERSION = 5.0;
				TARGETED_DEVICE_FAMILY = "1,2";
				TEST_TARGET_NAME = TraavelAppDemo;
			};
			name = Release;
		};
/* End XCBuildConfiguration section */

/* Begin XCConfigurationList section */
		5821EA9123E4809F00554E1D /* Build configuration list for PBXProject "TraavelAppDemo" */ = {
			isa = XCConfigurationList;
			buildConfigurations = (
				5821EABE23E480A800554E1D /* Debug */,
				5821EABF23E480A800554E1D /* Release */,
			);
			defaultConfigurationIsVisible = 0;
			defaultConfigurationName = Release;
		};
		5821EAC023E480A800554E1D /* Build configuration list for PBXNativeTarget "TraavelAppDemo" */ = {
			isa = XCConfigurationList;
			buildConfigurations = (
				5821EAC123E480A800554E1D /* Debug */,
				5821EAC223E480A800554E1D /* Release */,
			);
			defaultConfigurationIsVisible = 0;
			defaultConfigurationName = Release;
		};
		5821EAC323E480A800554E1D /* Build configuration list for PBXNativeTarget "TraavelAppDemoTests" */ = {
			isa = XCConfigurationList;
			buildConfigurations = (
				5821EAC423E480A800554E1D /* Debug */,
				5821EAC523E480A800554E1D /* Release */,
			);
			defaultConfigurationIsVisible = 0;
			defaultConfigurationName = Release;
		};
		5821EAC623E480A800554E1D /* Build configuration list for PBXNativeTarget "TraavelAppDemoUITests" */ = {
			isa = XCConfigurationList;
			buildConfigurations = (
				5821EAC723E480A800554E1D /* Debug */,
				5821EAC823E480A800554E1D /* Release */,
			);
			defaultConfigurationIsVisible = 0;
			defaultConfigurationName = Release;
		};
/* End XCConfigurationList section */
	};
	rootObject = 5821EA8E23E4809F00554E1D /* Project object */;
}
