PODS:
  - Realm (4.3.1):
    - Realm/Headers (= 4.3.1)
  - Realm/Headers (4.3.1)
  - RealmSwift (4.3.1):
    - Realm (= 4.3.1)
  - SDWebImage (5.10.4):
    - SDWebImage/Core (= 5.10.4)
  - SDWebImage/Core (5.10.4)
  - SDWebImageSwiftUI (2.0.1):
    - SDWebImage (~> 5.10)

DEPENDENCIES:
  - RealmSwift (= 4.3.1)
  - SDWebImageSwiftUI

SPEC REPOS:
  trunk:
    - Realm
    - RealmSwift
    - SDWebImage
    - SDWebImageSwiftUI

SPEC CHECKSUMS:
  Realm: 31dc40934081ef740f60feedc46d88473cbfeb40
  RealmSwift: b5199e9a41f67b99f51acf6874a6166f5fbe93d1
  SDWebImage: c666b97e1fa9c64b4909816a903322018f0a9c84
  SDWebImageSwiftUI: ff3dc77f69330e6513c655bcb9b5080a033405a5

PODFILE CHECKSUM: 69a81f5f4b54ef3d0d94b13ec56a9ae5ead1a69f

COCOAPODS: 1.10.1
